<?xml version="1.0" encoding="utf-8"?>
<Project ToolsVersion="4.0" xmlns="http://schemas.microsoft.com/developer/msbuild/2003">
  <ItemGroup>
    <Filter Include="Source Files">
      <UniqueIdentifier>{4FC737F1-C7A5-4376-A066-2A32D752A2FF}</UniqueIdentifier>
      <Extensions>cpp;c;cc;cxx;c++;cppm;ixx;def;odl;idl;hpj;bat;asm;asmx</Extensions>
    </Filter>
    <Filter Include="Header Files">
      <UniqueIdentifier>{93995380-89BD-4b04-88EB-625FBE52EBFB}</UniqueIdentifier>
      <Extensions>h;hh;hpp;hxx;h++;hm;inl;inc;ipp;xsd</Extensions>
    </Filter>
    <Filter Include="Resource Files">
      <UniqueIdentifier>{67DA6AB6-F800-4c08-8B7A-83BB121AAD01}</UniqueIdentifier>
      <Extensions>rc;ico;cur;bmp;dlg;rc2;rct;bin;rgs;gif;jpg;jpeg;jpe;resx;tiff;tif;png;wav;mfcribbon-ms</Extensions>
    </Filter>
    <Filter Include="Resource Files\Shaders">
      <UniqueIdentifier>{79463567-c0b9-4e56-a765-4a88ded72737}</UniqueIdentifier>
    </Filter>
    <Filter Include="Source Files\System_Scripts">
      <UniqueIdentifier>{ada67b7d-bd3f-46f4-8928-7f464324599f}</UniqueIdentifier>
    </Filter>
    <Filter Include="Source Files\Game_Scripts">
      <UniqueIdentifier>{b1ce304d-5cd9-43f8-8b2c-12b16a891939}</UniqueIdentifier>
    </Filter>
    <Filter Include="Header Files\Game_Scripts">
      <UniqueIdentifier>{2ba00cee-20b3-498e-972a-c3383b8d0b14}</UniqueIdentifier>
    </Filter>
    <Filter Include="Header Files\System_Scripts">
      <UniqueIdentifier>{58fc49aa-3ce4-4f71-a35f-c1fe2ee9d80b}</UniqueIdentifier>
    </Filter>
  </ItemGroup>
  <ItemGroup>
    <ClInclude Include="Graphics_Manager.h">
      <Filter>Header Files</Filter>
    </ClInclude>
    <ClInclude Include="Assets\Game_Scripts\TestGameScript.h">
      <Filter>Source Files\Game_Scripts</Filter>
    </ClInclude>
    <ClInclude Include="System_Scripts\Event.h">
      <Filter>Header Files\System_Scripts</Filter>
    </ClInclude>
    <ClInclude Include="System_Scripts\Runtime_Script.h">
      <Filter>Header Files\System_Scripts</Filter>
    </ClInclude>
    <ClInclude Include="System_Scripts\Shader.h">
      <Filter>Header Files\System_Scripts</Filter>
    </ClInclude>
    <ClInclude Include="System_Scripts\System_Manager.h">
      <Filter>Header Files\System_Scripts</Filter>
    </ClInclude>
    <ClInclude Include="Playground.h">
      <Filter>Header Files</Filter>
    </ClInclude>
  </ItemGroup>
  <ItemGroup>
    <ClCompile Include="System_Scripts\Event.cpp">
      <Filter>Source Files\System_Scripts</Filter>
    </ClCompile>
    <ClCompile Include="System_Scripts\Main.cpp">
      <Filter>Source Files\System_Scripts</Filter>
    </ClCompile>
    <ClCompile Include="System_Scripts\RuntimeScript.cpp">
      <Filter>Source Files\System_Scripts</Filter>
    </ClCompile>
    <ClCompile Include="System_Scripts\Shader.cpp">
      <Filter>Source Files\System_Scripts</Filter>
    </ClCompile>
    <ClCompile Include="System_Scripts\System_Manager.cpp">
      <Filter>Source Files\System_Scripts</Filter>
    </ClCompile>
    <ClCompile Include="glad.c">
      <Filter>Source Files</Filter>
    </ClCompile>
  </ItemGroup>
</Project>