<?xml version="1.0" encoding="utf-8"?>
<Project ToolsVersion="4.0" xmlns="http://schemas.microsoft.com/developer/msbuild/2003">
  <ItemGroup>
    <Filter Include="Header Files">
      <UniqueIdentifier>{93995380-89BD-4b04-88EB-625FBE52EBFB}</UniqueIdentifier>
      <Extensions>h;hh;hpp;hxx;h++;hm;inl;inc;ipp;xsd</Extensions>
    </Filter>
    <Filter Include="Tests">
      <UniqueIdentifier>{0771833a-7662-4bf8-8c30-f108c26e498a}</UniqueIdentifier>
    </Filter>
    <Filter Include="Tests\System_Tests">
      <UniqueIdentifier>{172118bc-a3e6-4a49-bf81-36181fe35d40}</UniqueIdentifier>
    </Filter>
    <Filter Include="System_Scripts">
      <UniqueIdentifier>{58fc49aa-3ce4-4f71-a35f-c1fe2ee9d80b}</UniqueIdentifier>
    </Filter>
    <Filter Include="System_Scripts\Headers">
      <UniqueIdentifier>{0a6a4171-1103-415e-9dbe-c11507b6b93a}</UniqueIdentifier>
    </Filter>
    <Filter Include="Assets">
      <UniqueIdentifier>{9fc04c6d-b134-4e0c-8010-04aa10c55590}</UniqueIdentifier>
    </Filter>
    <Filter Include="Assets\Game_Scripts">
      <UniqueIdentifier>{2ba00cee-20b3-498e-972a-c3383b8d0b14}</UniqueIdentifier>
    </Filter>
    <Filter Include="Assets\Game_Scripts\Playground">
      <UniqueIdentifier>{b9bdf3f1-2e4e-4af9-b906-568033af5da3}</UniqueIdentifier>
    </Filter>
    <Filter Include="A_Package">
      <UniqueIdentifier>{6a0afa0b-f78f-4bef-8f26-4c51bf1c6caf}</UniqueIdentifier>
    </Filter>
    <Filter Include="A_Package\Headers">
      <UniqueIdentifier>{a1d8cb39-6874-491c-b975-71e4a79e63e7}</UniqueIdentifier>
    </Filter>
  </ItemGroup>
  <ItemGroup>
    <ClInclude Include="System_Scripts\Event.h">
      <Filter>System_Scripts\Headers</Filter>
    </ClInclude>
    <ClInclude Include="System_Scripts\Event_Manager.h">
      <Filter>System_Scripts\Headers</Filter>
    </ClInclude>
    <ClInclude Include="System_Scripts\Runtime_Script.h">
      <Filter>System_Scripts\Headers</Filter>
    </ClInclude>
    <ClInclude Include="System_Scripts\System_Manager.h">
      <Filter>System_Scripts\Headers</Filter>
    </ClInclude>
    <ClInclude Include="Assets\Game_Scripts\TestGameScript.h">
      <Filter>Assets\Game_Scripts</Filter>
    </ClInclude>
    <ClInclude Include="Playground.h">
      <Filter>Assets\Game_Scripts\Playground</Filter>
    </ClInclude>
    <ClInclude Include="CameraMovement.h">
      <Filter>Assets\Game_Scripts\Playground</Filter>
    </ClInclude>
    <ClInclude Include="System_Scripts\Shader.h">
      <Filter>A_Package\Headers</Filter>
    </ClInclude>
    <ClInclude Include="Camera.h">
      <Filter>A_Package\Headers</Filter>
    </ClInclude>
  </ItemGroup>
  <ItemGroup>
    <ClCompile Include="System_Scripts\Tests\Test.cpp">
      <Filter>Tests</Filter>
    </ClCompile>
    <ClCompile Include="System_Tests.cpp">
      <Filter>Tests\System_Tests</Filter>
    </ClCompile>
    <ClCompile Include="System_Scripts\Event.cpp">
      <Filter>System_Scripts</Filter>
    </ClCompile>
    <ClCompile Include="System_Scripts\Event_Manager.cpp">
      <Filter>System_Scripts</Filter>
    </ClCompile>
    <ClCompile Include="System_Scripts\Runtime_Script.cpp">
      <Filter>System_Scripts</Filter>
    </ClCompile>
    <ClCompile Include="System_Scripts\System_Manager.cpp">
      <Filter>System_Scripts</Filter>
    </ClCompile>
    <ClCompile Include="glad.c">
      <Filter>System_Scripts</Filter>
    </ClCompile>
    <ClCompile Include="System_Scripts\Main.cpp" />
    <ClCompile Include="System_Scripts\Shader.cpp">
      <Filter>A_Package</Filter>
    </ClCompile>
    <ClCompile Include="CameraMovement.cpp">
      <Filter>Assets\Game_Scripts\Playground</Filter>
    </ClCompile>
  </ItemGroup>
</Project>